
Microsoft Visual Studio Solution File, Format Version 12.00
# Visual Studio Version 17
VisualStudioVersion = 17.11.35327.3
MinimumVisualStudioVersion = 10.0.40219.1
Project("{FAE04EC0-301F-11D3-BF4B-00C04F79EFBC}") = "calculatortask1", "calculatortask1\calculatortask1.csproj", "{9918239C-9480-42BD-8975-AEA41E510C1A}"
EndProject
Global
	GlobalSection(SolutionConfigurationPlatforms) = preSolution
		Debug|Any CPU = Debug|Any CPU
		Release|Any CPU = Release|Any CPU
	EndGlobalSection
	GlobalSection(ProjectConfigurationPlatforms) = postSolution
		{9918239C-9480-42BD-8975-AEA41E510C1A}.Debug|Any CPU.ActiveCfg = Debug|Any CPU
		{9918239C-9480-42BD-8975-AEA41E510C1A}.Debug|Any CPU.Build.0 = Debug|Any CPU
		{9918239C-9480-42BD-8975-AEA41E510C1A}.Release|Any CPU.ActiveCfg = Release|Any CPU
		{9918239C-9480-42BD-8975-AEA41E510C1A}.Release|Any CPU.Build.0 = Release|Any CPU
	EndGlobalSection
	GlobalSection(SolutionProperties) = preSolution
		HideSolutionNode = FALSE
	EndGlobalSection
	GlobalSection(ExtensibilityGlobals) = postSolution
		SolutionGuid = {988FE11B-9042-4344-BFF7-0BDC618385FF}
	EndGlobalSection
EndGlobal
